
Microsoft Visual Studio Solution File, Format Version 12.00
# Visual Studio Version 17
VisualStudioVersion = 17.3.32811.315
MinimumVisualStudioVersion = 10.0.40219.1
Project("{FAE04EC0-301F-11D3-BF4B-00C04F79EFBC}") = "ConsoleApp1", "ConsoleApp1.csproj", "{F19E0E29-089A-41F1-86AB-5D955DB45236}"
EndProject
Global
	GlobalSection(SolutionConfigurationPlatforms) = preSolution
		Debug|Any CPU = Debug|Any CPU
		Release|Any CPU = Release|Any CPU
	EndGlobalSection
	GlobalSection(ProjectConfigurationPlatforms) = postSolution
		{F19E0E29-089A-41F1-86AB-5D955DB45236}.Debug|Any CPU.ActiveCfg = Debug|Any CPU
		{F19E0E29-089A-41F1-86AB-5D955DB45236}.Debug|Any CPU.Build.0 = Debug|Any CPU
		{F19E0E29-089A-41F1-86AB-5D955DB45236}.Release|Any CPU.ActiveCfg = Release|Any CPU
		{F19E0E29-089A-41F1-86AB-5D955DB45236}.Release|Any CPU.Build.0 = Release|Any CPU
	EndGlobalSection
	GlobalSection(SolutionProperties) = preSolution
		HideSolutionNode = FALSE
	EndGlobalSection
	GlobalSection(ExtensibilityGlobals) = postSolution
		SolutionGuid = {889AE07B-F95E-4073-821F-312B86694A26}
	EndGlobalSection
EndGlobal
